
Microsoft Visual Studio Solution File, Format Version 12.00
# Visual Studio 15
VisualStudioVersion = 15.0.28307.779
MinimumVisualStudioVersion = 10.0.40219.1
Project("{FAE04EC0-301F-11D3-BF4B-00C04F79EFBC}") = "QLBH", "QLBH\QLBH.csproj", "{BE3A6CD6-E13B-42A3-BE8E-1B735EBFE3C9}"
EndProject
Global
	GlobalSection(SolutionConfigurationPlatforms) = preSolution
		Debug|Any CPU = Debug|Any CPU
		Release|Any CPU = Release|Any CPU
	EndGlobalSection
	GlobalSection(ProjectConfigurationPlatforms) = postSolution
		{BE3A6CD6-E13B-42A3-BE8E-1B735EBFE3C9}.Debug|Any CPU.ActiveCfg = Debug|Any CPU
		{BE3A6CD6-E13B-42A3-BE8E-1B735EBFE3C9}.Debug|Any CPU.Build.0 = Debug|Any CPU
		{BE3A6CD6-E13B-42A3-BE8E-1B735EBFE3C9}.Release|Any CPU.ActiveCfg = Release|Any CPU
		{BE3A6CD6-E13B-42A3-BE8E-1B735EBFE3C9}.Release|Any CPU.Build.0 = Release|Any CPU
	EndGlobalSection
	GlobalSection(SolutionProperties) = preSolution
		HideSolutionNode = FALSE
	EndGlobalSection
	GlobalSection(ExtensibilityGlobals) = postSolution
		SolutionGuid = {10752EEB-A2D1-46E2-B841-BEC21B8A5BBE}
	EndGlobalSection
EndGlobal
